
Microsoft Visual Studio Solution File, Format Version 12.00
# Visual Studio Version 16
VisualStudioVersion = 16.0.29609.76
MinimumVisualStudioVersion = 10.0.40219.1
Project("{9A19103F-16F7-4668-BE54-9A1E7A4F7556}") = "RanCyan", "RanCyan\RanCyan\RanCyan.csproj", "{CB7347FF-5907-4D0A-BB22-8FCC96EE82B4}"
EndProject
Project("{FAE04EC0-301F-11D3-BF4B-00C04F79EFBC}") = "RanCyan.Android", "RanCyan\RanCyan.Android\RanCyan.Android.csproj", "{0AC3ACB6-B72F-4B4D-B8C1-6BFC2FA375BE}"
EndProject
Project("{FAE04EC0-301F-11D3-BF4B-00C04F79EFBC}") = "RanCyan.iOS", "RanCyan\RanCyan.iOS\RanCyan.iOS.csproj", "{304D2F70-25D8-45AF-84BA-CB8E756A7C79}"
EndProject
Project("{FAE04EC0-301F-11D3-BF4B-00C04F79EFBC}") = "RanCyan.UWP", "RanCyan\RanCyan.UWP\RanCyan.UWP.csproj", "{966AF277-FC9E-4606-92FD-C499AC9D5BA7}"
EndProject
Global
	GlobalSection(SolutionConfigurationPlatforms) = preSolution
		Ad-Hoc|Any CPU = Ad-Hoc|Any CPU
		Ad-Hoc|ARM = Ad-Hoc|ARM
		Ad-Hoc|iPhone = Ad-Hoc|iPhone
		Ad-Hoc|iPhoneSimulator = Ad-Hoc|iPhoneSimulator
		Ad-Hoc|x64 = Ad-Hoc|x64
		Ad-Hoc|x86 = Ad-Hoc|x86
		AppStore|Any CPU = AppStore|Any CPU
		AppStore|ARM = AppStore|ARM
		AppStore|iPhone = AppStore|iPhone
		AppStore|iPhoneSimulator = AppStore|iPhoneSimulator
		AppStore|x64 = AppStore|x64
		AppStore|x86 = AppStore|x86
		Debug|Any CPU = Debug|Any CPU
		Debug|ARM = Debug|ARM
		Debug|iPhone = Debug|iPhone
		Debug|iPhoneSimulator = Debug|iPhoneSimulator
		Debug|x64 = Debug|x64
		Debug|x86 = Debug|x86
		Release|Any CPU = Release|Any CPU
		Release|ARM = Release|ARM
		Release|iPhone = Release|iPhone
		Release|iPhoneSimulator = Release|iPhoneSimulator
		Release|x64 = Release|x64
		Release|x86 = Release|x86
	EndGlobalSection
	GlobalSection(ProjectConfigurationPlatforms) = postSolution
		{CB7347FF-5907-4D0A-BB22-8FCC96EE82B4}.Ad-Hoc|Any CPU.ActiveCfg = Debug|Any CPU
		{CB7347FF-5907-4D0A-BB22-8FCC96EE82B4}.Ad-Hoc|Any CPU.Build.0 = Debug|Any CPU
		{CB7347FF-5907-4D0A-BB22-8FCC96EE82B4}.Ad-Hoc|ARM.ActiveCfg = Debug|Any CPU
		{CB7347FF-5907-4D0A-BB22-8FCC96EE82B4}.Ad-Hoc|ARM.Build.0 = Debug|Any CPU
		{CB7347FF-5907-4D0A-BB22-8FCC96EE82B4}.Ad-Hoc|iPhone.ActiveCfg = Debug|Any CPU
		{CB7347FF-5907-4D0A-BB22-8FCC96EE82B4}.Ad-Hoc|iPhone.Build.0 = Debug|Any CPU
		{CB7347FF-5907-4D0A-BB22-8FCC96EE82B4}.Ad-Hoc|iPhoneSimulator.ActiveCfg = Debug|Any CPU
		{CB7347FF-5907-4D0A-BB22-8FCC96EE82B4}.Ad-Hoc|iPhoneSimulator.Build.0 = Debug|Any CPU
		{CB7347FF-5907-4D0A-BB22-8FCC96EE82B4}.Ad-Hoc|x64.ActiveCfg = Debug|Any CPU
		{CB7347FF-5907-4D0A-BB22-8FCC96EE82B4}.Ad-Hoc|x64.Build.0 = Debug|Any CPU
		{CB7347FF-5907-4D0A-BB22-8FCC96EE82B4}.Ad-Hoc|x86.ActiveCfg = Debug|Any CPU
		{CB7347FF-5907-4D0A-BB22-8FCC96EE82B4}.Ad-Hoc|x86.Build.0 = Debug|Any CPU
		{CB7347FF-5907-4D0A-BB22-8FCC96EE82B4}.AppStore|Any CPU.ActiveCfg = Debug|Any CPU
		{CB7347FF-5907-4D0A-BB22-8FCC96EE82B4}.AppStore|Any CPU.Build.0 = Debug|Any CPU
		{CB7347FF-5907-4D0A-BB22-8FCC96EE82B4}.AppStore|ARM.ActiveCfg = Debug|Any CPU
		{CB7347FF-5907-4D0A-BB22-8FCC96EE82B4}.AppStore|ARM.Build.0 = Debug|Any CPU
		{CB7347FF-5907-4D0A-BB22-8FCC96EE82B4}.AppStore|iPhone.ActiveCfg = Debug|Any CPU
		{CB7347FF-5907-4D0A-BB22-8FCC96EE82B4}.AppStore|iPhone.Build.0 = Debug|Any CPU
		{CB7347FF-5907-4D0A-BB22-8FCC96EE82B4}.AppStore|iPhoneSimulator.ActiveCfg = Debug|Any CPU
		{CB7347FF-5907-4D0A-BB22-8FCC96EE82B4}.AppStore|iPhoneSimulator.Build.0 = Debug|Any CPU
		{CB7347FF-5907-4D0A-BB22-8FCC96EE82B4}.AppStore|x64.ActiveCfg = Debug|Any CPU
		{CB7347FF-5907-4D0A-BB22-8FCC96EE82B4}.AppStore|x64.Build.0 = Debug|Any CPU
		{CB7347FF-5907-4D0A-BB22-8FCC96EE82B4}.AppStore|x86.ActiveCfg = Debug|Any CPU
		{CB7347FF-5907-4D0A-BB22-8FCC96EE82B4}.AppStore|x86.Build.0 = Debug|Any CPU
		{CB7347FF-5907-4D0A-BB22-8FCC96EE82B4}.Debug|Any CPU.ActiveCfg = Debug|Any CPU
		{CB7347FF-5907-4D0A-BB22-8FCC96EE82B4}.Debug|Any CPU.Build.0 = Debug|Any CPU
		{CB7347FF-5907-4D0A-BB22-8FCC96EE82B4}.Debug|ARM.ActiveCfg = Debug|Any CPU
		{CB7347FF-5907-4D0A-BB22-8FCC96EE82B4}.Debug|ARM.Build.0 = Debug|Any CPU
		{CB7347FF-5907-4D0A-BB22-8FCC96EE82B4}.Debug|iPhone.ActiveCfg = Debug|Any CPU
		{CB7347FF-5907-4D0A-BB22-8FCC96EE82B4}.Debug|iPhone.Build.0 = Debug|Any CPU
		{CB7347FF-5907-4D0A-BB22-8FCC96EE82B4}.Debug|iPhoneSimulator.ActiveCfg = Debug|Any CPU
		{CB7347FF-5907-4D0A-BB22-8FCC96EE82B4}.Debug|iPhoneSimulator.Build.0 = Debug|Any CPU
		{CB7347FF-5907-4D0A-BB22-8FCC96EE82B4}.Debug|x64.ActiveCfg = Debug|Any CPU
		{CB7347FF-5907-4D0A-BB22-8FCC96EE82B4}.Debug|x64.Build.0 = Debug|Any CPU
		{CB7347FF-5907-4D0A-BB22-8FCC96EE82B4}.Debug|x86.ActiveCfg = Debug|Any CPU
		{CB7347FF-5907-4D0A-BB22-8FCC96EE82B4}.Debug|x86.Build.0 = Debug|Any CPU
		{CB7347FF-5907-4D0A-BB22-8FCC96EE82B4}.Release|Any CPU.ActiveCfg = Release|Any CPU
		{CB7347FF-5907-4D0A-BB22-8FCC96EE82B4}.Release|Any CPU.Build.0 = Release|Any CPU
		{CB7347FF-5907-4D0A-BB22-8FCC96EE82B4}.Release|ARM.ActiveCfg = Release|Any CPU
		{CB7347FF-5907-4D0A-BB22-8FCC96EE82B4}.Release|ARM.Build.0 = Release|Any CPU
		{CB7347FF-5907-4D0A-BB22-8FCC96EE82B4}.Release|iPhone.ActiveCfg = Release|Any CPU
		{CB7347FF-5907-4D0A-BB22-8FCC96EE82B4}.Release|iPhone.Build.0 = Release|Any CPU
		{CB7347FF-5907-4D0A-BB22-8FCC96EE82B4}.Release|iPhoneSimulator.ActiveCfg = Release|Any CPU
		{CB7347FF-5907-4D0A-BB22-8FCC96EE82B4}.Release|iPhoneSimulator.Build.0 = Release|Any CPU
		{CB7347FF-5907-4D0A-BB22-8FCC96EE82B4}.Release|x64.ActiveCfg = Release|Any CPU
		{CB7347FF-5907-4D0A-BB22-8FCC96EE82B4}.Release|x64.Build.0 = Release|Any CPU
		{CB7347FF-5907-4D0A-BB22-8FCC96EE82B4}.Release|x86.ActiveCfg = Release|Any CPU
		{CB7347FF-5907-4D0A-BB22-8FCC96EE82B4}.Release|x86.Build.0 = Release|Any CPU
		{0AC3ACB6-B72F-4B4D-B8C1-6BFC2FA375BE}.Ad-Hoc|Any CPU.ActiveCfg = Release|Any CPU
		{0AC3ACB6-B72F-4B4D-B8C1-6BFC2FA375BE}.Ad-Hoc|Any CPU.Build.0 = Release|Any CPU
		{0AC3ACB6-B72F-4B4D-B8C1-6BFC2FA375BE}.Ad-Hoc|Any CPU.Deploy.0 = Release|Any CPU
		{0AC3ACB6-B72F-4B4D-B8C1-6BFC2FA375BE}.Ad-Hoc|ARM.ActiveCfg = Release|Any CPU
		{0AC3ACB6-B72F-4B4D-B8C1-6BFC2FA375BE}.Ad-Hoc|ARM.Build.0 = Release|Any CPU
		{0AC3ACB6-B72F-4B4D-B8C1-6BFC2FA375BE}.Ad-Hoc|ARM.Deploy.0 = Release|Any CPU
		{0AC3ACB6-B72F-4B4D-B8C1-6BFC2FA375BE}.Ad-Hoc|iPhone.ActiveCfg = Release|Any CPU
		{0AC3ACB6-B72F-4B4D-B8C1-6BFC2FA375BE}.Ad-Hoc|iPhone.Build.0 = Release|Any CPU
		{0AC3ACB6-B72F-4B4D-B8C1-6BFC2FA375BE}.Ad-Hoc|iPhone.Deploy.0 = Release|Any CPU
		{0AC3ACB6-B72F-4B4D-B8C1-6BFC2FA375BE}.Ad-Hoc|iPhoneSimulator.ActiveCfg = Release|Any CPU
		{0AC3ACB6-B72F-4B4D-B8C1-6BFC2FA375BE}.Ad-Hoc|iPhoneSimulator.Build.0 = Release|Any CPU
		{0AC3ACB6-B72F-4B4D-B8C1-6BFC2FA375BE}.Ad-Hoc|iPhoneSimulator.Deploy.0 = Release|Any CPU
		{0AC3ACB6-B72F-4B4D-B8C1-6BFC2FA375BE}.Ad-Hoc|x64.ActiveCfg = Release|Any CPU
		{0AC3ACB6-B72F-4B4D-B8C1-6BFC2FA375BE}.Ad-Hoc|x64.Build.0 = Release|Any CPU
		{0AC3ACB6-B72F-4B4D-B8C1-6BFC2FA375BE}.Ad-Hoc|x64.Deploy.0 = Release|Any CPU
		{0AC3ACB6-B72F-4B4D-B8C1-6BFC2FA375BE}.Ad-Hoc|x86.ActiveCfg = Release|Any CPU
		{0AC3ACB6-B72F-4B4D-B8C1-6BFC2FA375BE}.Ad-Hoc|x86.Build.0 = Release|Any CPU
		{0AC3ACB6-B72F-4B4D-B8C1-6BFC2FA375BE}.Ad-Hoc|x86.Deploy.0 = Release|Any CPU
		{0AC3ACB6-B72F-4B4D-B8C1-6BFC2FA375BE}.AppStore|Any CPU.ActiveCfg = Release|Any CPU
		{0AC3ACB6-B72F-4B4D-B8C1-6BFC2FA375BE}.AppStore|Any CPU.Build.0 = Release|Any CPU
		{0AC3ACB6-B72F-4B4D-B8C1-6BFC2FA375BE}.AppStore|Any CPU.Deploy.0 = Release|Any CPU
		{0AC3ACB6-B72F-4B4D-B8C1-6BFC2FA375BE}.AppStore|ARM.ActiveCfg = Release|Any CPU
		{0AC3ACB6-B72F-4B4D-B8C1-6BFC2FA375BE}.AppStore|ARM.Build.0 = Release|Any CPU
		{0AC3ACB6-B72F-4B4D-B8C1-6BFC2FA375BE}.AppStore|ARM.Deploy.0 = Release|Any CPU
		{0AC3ACB6-B72F-4B4D-B8C1-6BFC2FA375BE}.AppStore|iPhone.ActiveCfg = Release|Any CPU
		{0AC3ACB6-B72F-4B4D-B8C1-6BFC2FA375BE}.AppStore|iPhone.Build.0 = Release|Any CPU
		{0AC3ACB6-B72F-4B4D-B8C1-6BFC2FA375BE}.AppStore|iPhone.Deploy.0 = Release|Any CPU
		{0AC3ACB6-B72F-4B4D-B8C1-6BFC2FA375BE}.AppStore|iPhoneSimulator.ActiveCfg = Release|Any CPU
		{0AC3ACB6-B72F-4B4D-B8C1-6BFC2FA375BE}.AppStore|iPhoneSimulator.Build.0 = Release|Any CPU
		{0AC3ACB6-B72F-4B4D-B8C1-6BFC2FA375BE}.AppStore|iPhoneSimulator.Deploy.0 = Release|Any CPU
		{0AC3ACB6-B72F-4B4D-B8C1-6BFC2FA375BE}.AppStore|x64.ActiveCfg = Release|Any CPU
		{0AC3ACB6-B72F-4B4D-B8C1-6BFC2FA375BE}.AppStore|x64.Build.0 = Release|Any CPU
		{0AC3ACB6-B72F-4B4D-B8C1-6BFC2FA375BE}.AppStore|x64.Deploy.0 = Release|Any CPU
		{0AC3ACB6-B72F-4B4D-B8C1-6BFC2FA375BE}.AppStore|x86.ActiveCfg = Release|Any CPU
		{0AC3ACB6-B72F-4B4D-B8C1-6BFC2FA375BE}.AppStore|x86.Build.0 = Release|Any CPU
		{0AC3ACB6-B72F-4B4D-B8C1-6BFC2FA375BE}.AppStore|x86.Deploy.0 = Release|Any CPU
		{0AC3ACB6-B72F-4B4D-B8C1-6BFC2FA375BE}.Debug|Any CPU.ActiveCfg = Debug|Any CPU
		{0AC3ACB6-B72F-4B4D-B8C1-6BFC2FA375BE}.Debug|Any CPU.Build.0 = Debug|Any CPU
		{0AC3ACB6-B72F-4B4D-B8C1-6BFC2FA375BE}.Debug|Any CPU.Deploy.0 = Debug|Any CPU
		{0AC3ACB6-B72F-4B4D-B8C1-6BFC2FA375BE}.Debug|ARM.ActiveCfg = Debug|Any CPU
		{0AC3ACB6-B72F-4B4D-B8C1-6BFC2FA375BE}.Debug|ARM.Build.0 = Debug|Any CPU
		{0AC3ACB6-B72F-4B4D-B8C1-6BFC2FA375BE}.Debug|ARM.Deploy.0 = Debug|Any CPU
		{0AC3ACB6-B72F-4B4D-B8C1-6BFC2FA375BE}.Debug|iPhone.ActiveCfg = Debug|Any CPU
		{0AC3ACB6-B72F-4B4D-B8C1-6BFC2FA375BE}.Debug|iPhone.Build.0 = Debug|Any CPU
		{0AC3ACB6-B72F-4B4D-B8C1-6BFC2FA375BE}.Debug|iPhone.Deploy.0 = Debug|Any CPU
		{0AC3ACB6-B72F-4B4D-B8C1-6BFC2FA375BE}.Debug|iPhoneSimulator.ActiveCfg = Debug|Any CPU
		{0AC3ACB6-B72F-4B4D-B8C1-6BFC2FA375BE}.Debug|iPhoneSimulator.Build.0 = Debug|Any CPU
		{0AC3ACB6-B72F-4B4D-B8C1-6BFC2FA375BE}.Debug|iPhoneSimulator.Deploy.0 = Debug|Any CPU
		{0AC3ACB6-B72F-4B4D-B8C1-6BFC2FA375BE}.Debug|x64.ActiveCfg = Debug|Any CPU
		{0AC3ACB6-B72F-4B4D-B8C1-6BFC2FA375BE}.Debug|x64.Build.0 = Debug|Any CPU
		{0AC3ACB6-B72F-4B4D-B8C1-6BFC2FA375BE}.Debug|x64.Deploy.0 = Debug|Any CPU
		{0AC3ACB6-B72F-4B4D-B8C1-6BFC2FA375BE}.Debug|x86.ActiveCfg = Debug|Any CPU
		{0AC3ACB6-B72F-4B4D-B8C1-6BFC2FA375BE}.Debug|x86.Build.0 = Debug|Any CPU
		{0AC3ACB6-B72F-4B4D-B8C1-6BFC2FA375BE}.Debug|x86.Deploy.0 = Debug|Any CPU
		{0AC3ACB6-B72F-4B4D-B8C1-6BFC2FA375BE}.Release|Any CPU.ActiveCfg = Release|Any CPU
		{0AC3ACB6-B72F-4B4D-B8C1-6BFC2FA375BE}.Release|Any CPU.Build.0 = Release|Any CPU
		{0AC3ACB6-B72F-4B4D-B8C1-6BFC2FA375BE}.Release|Any CPU.Deploy.0 = Release|Any CPU
		{0AC3ACB6-B72F-4B4D-B8C1-6BFC2FA375BE}.Release|ARM.ActiveCfg = Release|Any CPU
		{0AC3ACB6-B72F-4B4D-B8C1-6BFC2FA375BE}.Release|ARM.Build.0 = Release|Any CPU
		{0AC3ACB6-B72F-4B4D-B8C1-6BFC2FA375BE}.Release|ARM.Deploy.0 = Release|Any CPU
		{0AC3ACB6-B72F-4B4D-B8C1-6BFC2FA375BE}.Release|iPhone.ActiveCfg = Release|Any CPU
		{0AC3ACB6-B72F-4B4D-B8C1-6BFC2FA375BE}.Release|iPhone.Build.0 = Release|Any CPU
		{0AC3ACB6-B72F-4B4D-B8C1-6BFC2FA375BE}.Release|iPhone.Deploy.0 = Release|Any CPU
		{0AC3ACB6-B72F-4B4D-B8C1-6BFC2FA375BE}.Release|iPhoneSimulator.ActiveCfg = Release|Any CPU
		{0AC3ACB6-B72F-4B4D-B8C1-6BFC2FA375BE}.Release|iPhoneSimulator.Build.0 = Release|Any CPU
		{0AC3ACB6-B72F-4B4D-B8C1-6BFC2FA375BE}.Release|iPhoneSimulator.Deploy.0 = Release|Any CPU
		{0AC3ACB6-B72F-4B4D-B8C1-6BFC2FA375BE}.Release|x64.ActiveCfg = Release|Any CPU
		{0AC3ACB6-B72F-4B4D-B8C1-6BFC2FA375BE}.Release|x64.Build.0 = Release|Any CPU
		{0AC3ACB6-B72F-4B4D-B8C1-6BFC2FA375BE}.Release|x64.Deploy.0 = Release|Any CPU
		{0AC3ACB6-B72F-4B4D-B8C1-6BFC2FA375BE}.Release|x86.ActiveCfg = Release|Any CPU
		{0AC3ACB6-B72F-4B4D-B8C1-6BFC2FA375BE}.Release|x86.Build.0 = Release|Any CPU
		{0AC3ACB6-B72F-4B4D-B8C1-6BFC2FA375BE}.Release|x86.Deploy.0 = Release|Any CPU
		{304D2F70-25D8-45AF-84BA-CB8E756A7C79}.Ad-Hoc|Any CPU.ActiveCfg = Ad-Hoc|iPhone
		{304D2F70-25D8-45AF-84BA-CB8E756A7C79}.Ad-Hoc|ARM.ActiveCfg = Ad-Hoc|iPhone
		{304D2F70-25D8-45AF-84BA-CB8E756A7C79}.Ad-Hoc|iPhone.ActiveCfg = Ad-Hoc|iPhone
		{304D2F70-25D8-45AF-84BA-CB8E756A7C79}.Ad-Hoc|iPhone.Build.0 = Ad-Hoc|iPhone
		{304D2F70-25D8-45AF-84BA-CB8E756A7C79}.Ad-Hoc|iPhoneSimulator.ActiveCfg = Ad-Hoc|iPhoneSimulator
		{304D2F70-25D8-45AF-84BA-CB8E756A7C79}.Ad-Hoc|iPhoneSimulator.Build.0 = Ad-Hoc|iPhoneSimulator
		{304D2F70-25D8-45AF-84BA-CB8E756A7C79}.Ad-Hoc|x64.ActiveCfg = Ad-Hoc|iPhone
		{304D2F70-25D8-45AF-84BA-CB8E756A7C79}.Ad-Hoc|x86.ActiveCfg = Ad-Hoc|iPhone
		{304D2F70-25D8-45AF-84BA-CB8E756A7C79}.AppStore|Any CPU.ActiveCfg = AppStore|iPhone
		{304D2F70-25D8-45AF-84BA-CB8E756A7C79}.AppStore|ARM.ActiveCfg = AppStore|iPhone
		{304D2F70-25D8-45AF-84BA-CB8E756A7C79}.AppStore|iPhone.ActiveCfg = AppStore|iPhone
		{304D2F70-25D8-45AF-84BA-CB8E756A7C79}.AppStore|iPhone.Build.0 = AppStore|iPhone
		{304D2F70-25D8-45AF-84BA-CB8E756A7C79}.AppStore|iPhoneSimulator.ActiveCfg = AppStore|iPhoneSimulator
		{304D2F70-25D8-45AF-84BA-CB8E756A7C79}.AppStore|iPhoneSimulator.Build.0 = AppStore|iPhoneSimulator
		{304D2F70-25D8-45AF-84BA-CB8E756A7C79}.AppStore|x64.ActiveCfg = AppStore|iPhone
		{304D2F70-25D8-45AF-84BA-CB8E756A7C79}.AppStore|x86.ActiveCfg = AppStore|iPhone
		{304D2F70-25D8-45AF-84BA-CB8E756A7C79}.Debug|Any CPU.ActiveCfg = Debug|iPhone
		{304D2F70-25D8-45AF-84BA-CB8E756A7C79}.Debug|ARM.ActiveCfg = Debug|iPhone
		{304D2F70-25D8-45AF-84BA-CB8E756A7C79}.Debug|iPhone.ActiveCfg = Debug|iPhone
		{304D2F70-25D8-45AF-84BA-CB8E756A7C79}.Debug|iPhone.Build.0 = Debug|iPhone
		{304D2F70-25D8-45AF-84BA-CB8E756A7C79}.Debug|iPhoneSimulator.ActiveCfg = Debug|iPhoneSimulator
		{304D2F70-25D8-45AF-84BA-CB8E756A7C79}.Debug|iPhoneSimulator.Build.0 = Debug|iPhoneSimulator
		{304D2F70-25D8-45AF-84BA-CB8E756A7C79}.Debug|x64.ActiveCfg = Debug|iPhone
		{304D2F70-25D8-45AF-84BA-CB8E756A7C79}.Debug|x86.ActiveCfg = Debug|iPhone
		{304D2F70-25D8-45AF-84BA-CB8E756A7C79}.Release|Any CPU.ActiveCfg = Release|iPhone
		{304D2F70-25D8-45AF-84BA-CB8E756A7C79}.Release|ARM.ActiveCfg = Release|iPhone
		{304D2F70-25D8-45AF-84BA-CB8E756A7C79}.Release|iPhone.ActiveCfg = Release|iPhone
		{304D2F70-25D8-45AF-84BA-CB8E756A7C79}.Release|iPhone.Build.0 = Release|iPhone
		{304D2F70-25D8-45AF-84BA-CB8E756A7C79}.Release|iPhoneSimulator.ActiveCfg = Release|iPhoneSimulator
		{304D2F70-25D8-45AF-84BA-CB8E756A7C79}.Release|iPhoneSimulator.Build.0 = Release|iPhoneSimulator
		{304D2F70-25D8-45AF-84BA-CB8E756A7C79}.Release|x64.ActiveCfg = Release|iPhone
		{304D2F70-25D8-45AF-84BA-CB8E756A7C79}.Release|x86.ActiveCfg = Release|iPhone
		{966AF277-FC9E-4606-92FD-C499AC9D5BA7}.Ad-Hoc|Any CPU.ActiveCfg = Release|x86
		{966AF277-FC9E-4606-92FD-C499AC9D5BA7}.Ad-Hoc|Any CPU.Build.0 = Release|x86
		{966AF277-FC9E-4606-92FD-C499AC9D5BA7}.Ad-Hoc|Any CPU.Deploy.0 = Release|x86
		{966AF277-FC9E-4606-92FD-C499AC9D5BA7}.Ad-Hoc|ARM.ActiveCfg = Release|ARM
		{966AF277-FC9E-4606-92FD-C499AC9D5BA7}.Ad-Hoc|ARM.Build.0 = Release|ARM
		{966AF277-FC9E-4606-92FD-C499AC9D5BA7}.Ad-Hoc|ARM.Deploy.0 = Release|ARM
		{966AF277-FC9E-4606-92FD-C499AC9D5BA7}.Ad-Hoc|iPhone.ActiveCfg = Release|x86
		{966AF277-FC9E-4606-92FD-C499AC9D5BA7}.Ad-Hoc|iPhone.Build.0 = Release|x86
		{966AF277-FC9E-4606-92FD-C499AC9D5BA7}.Ad-Hoc|iPhone.Deploy.0 = Release|x86
		{966AF277-FC9E-4606-92FD-C499AC9D5BA7}.Ad-Hoc|iPhoneSimulator.ActiveCfg = Release|x86
		{966AF277-FC9E-4606-92FD-C499AC9D5BA7}.Ad-Hoc|iPhoneSimulator.Build.0 = Release|x86
		{966AF277-FC9E-4606-92FD-C499AC9D5BA7}.Ad-Hoc|iPhoneSimulator.Deploy.0 = Release|x86
		{966AF277-FC9E-4606-92FD-C499AC9D5BA7}.Ad-Hoc|x64.ActiveCfg = Release|x64
		{966AF277-FC9E-4606-92FD-C499AC9D5BA7}.Ad-Hoc|x64.Build.0 = Release|x64
		{966AF277-FC9E-4606-92FD-C499AC9D5BA7}.Ad-Hoc|x64.Deploy.0 = Release|x64
		{966AF277-FC9E-4606-92FD-C499AC9D5BA7}.Ad-Hoc|x86.ActiveCfg = Release|x86
		{966AF277-FC9E-4606-92FD-C499AC9D5BA7}.Ad-Hoc|x86.Build.0 = Release|x86
		{966AF277-FC9E-4606-92FD-C499AC9D5BA7}.Ad-Hoc|x86.Deploy.0 = Release|x86
		{966AF277-FC9E-4606-92FD-C499AC9D5BA7}.AppStore|Any CPU.ActiveCfg = Release|x86
		{966AF277-FC9E-4606-92FD-C499AC9D5BA7}.AppStore|Any CPU.Build.0 = Release|x86
		{966AF277-FC9E-4606-92FD-C499AC9D5BA7}.AppStore|Any CPU.Deploy.0 = Release|x86
		{966AF277-FC9E-4606-92FD-C499AC9D5BA7}.AppStore|ARM.ActiveCfg = Release|ARM
		{966AF277-FC9E-4606-92FD-C499AC9D5BA7}.AppStore|ARM.Build.0 = Release|ARM
		{966AF277-FC9E-4606-92FD-C499AC9D5BA7}.AppStore|ARM.Deploy.0 = Release|ARM
		{966AF277-FC9E-4606-92FD-C499AC9D5BA7}.AppStore|iPhone.ActiveCfg = Release|x86
		{966AF277-FC9E-4606-92FD-C499AC9D5BA7}.AppStore|iPhone.Build.0 = Release|x86
		{966AF277-FC9E-4606-92FD-C499AC9D5BA7}.AppStore|iPhone.Deploy.0 = Release|x86
		{966AF277-FC9E-4606-92FD-C499AC9D5BA7}.AppStore|iPhoneSimulator.ActiveCfg = Release|x86
		{966AF277-FC9E-4606-92FD-C499AC9D5BA7}.AppStore|iPhoneSimulator.Build.0 = Release|x86
		{966AF277-FC9E-4606-92FD-C499AC9D5BA7}.AppStore|iPhoneSimulator.Deploy.0 = Release|x86
		{966AF277-FC9E-4606-92FD-C499AC9D5BA7}.AppStore|x64.ActiveCfg = Release|x64
		{966AF277-FC9E-4606-92FD-C499AC9D5BA7}.AppStore|x64.Build.0 = Release|x64
		{966AF277-FC9E-4606-92FD-C499AC9D5BA7}.AppStore|x64.Deploy.0 = Release|x64
		{966AF277-FC9E-4606-92FD-C499AC9D5BA7}.AppStore|x86.ActiveCfg = Release|x86
		{966AF277-FC9E-4606-92FD-C499AC9D5BA7}.AppStore|x86.Build.0 = Release|x86
		{966AF277-FC9E-4606-92FD-C499AC9D5BA7}.AppStore|x86.Deploy.0 = Release|x86
		{966AF277-FC9E-4606-92FD-C499AC9D5BA7}.Debug|Any CPU.ActiveCfg = Debug|x86
		{966AF277-FC9E-4606-92FD-C499AC9D5BA7}.Debug|ARM.ActiveCfg = Debug|ARM
		{966AF277-FC9E-4606-92FD-C499AC9D5BA7}.Debug|ARM.Build.0 = Debug|ARM
		{966AF277-FC9E-4606-92FD-C499AC9D5BA7}.Debug|ARM.Deploy.0 = Debug|ARM
		{966AF277-FC9E-4606-92FD-C499AC9D5BA7}.Debug|iPhone.ActiveCfg = Debug|x86
		{966AF277-FC9E-4606-92FD-C499AC9D5BA7}.Debug|iPhoneSimulator.ActiveCfg = Debug|x86
		{966AF277-FC9E-4606-92FD-C499AC9D5BA7}.Debug|x64.ActiveCfg = Debug|x64
		{966AF277-FC9E-4606-92FD-C499AC9D5BA7}.Debug|x64.Build.0 = Debug|x64
		{966AF277-FC9E-4606-92FD-C499AC9D5BA7}.Debug|x64.Deploy.0 = Debug|x64
		{966AF277-FC9E-4606-92FD-C499AC9D5BA7}.Debug|x86.ActiveCfg = Debug|x86
		{966AF277-FC9E-4606-92FD-C499AC9D5BA7}.Debug|x86.Build.0 = Debug|x86
		{966AF277-FC9E-4606-92FD-C499AC9D5BA7}.Debug|x86.Deploy.0 = Debug|x86
		{966AF277-FC9E-4606-92FD-C499AC9D5BA7}.Release|Any CPU.ActiveCfg = Release|x86
		{966AF277-FC9E-4606-92FD-C499AC9D5BA7}.Release|ARM.ActiveCfg = Release|ARM
		{966AF277-FC9E-4606-92FD-C499AC9D5BA7}.Release|ARM.Build.0 = Release|ARM
		{966AF277-FC9E-4606-92FD-C499AC9D5BA7}.Release|ARM.Deploy.0 = Release|ARM
		{966AF277-FC9E-4606-92FD-C499AC9D5BA7}.Release|iPhone.ActiveCfg = Release|x86
		{966AF277-FC9E-4606-92FD-C499AC9D5BA7}.Release|iPhoneSimulator.ActiveCfg = Release|x86
		{966AF277-FC9E-4606-92FD-C499AC9D5BA7}.Release|x64.ActiveCfg = Release|x64
		{966AF277-FC9E-4606-92FD-C499AC9D5BA7}.Release|x64.Build.0 = Release|x64
		{966AF277-FC9E-4606-92FD-C499AC9D5BA7}.Release|x64.Deploy.0 = Release|x64
		{966AF277-FC9E-4606-92FD-C499AC9D5BA7}.Release|x86.ActiveCfg = Release|x86
		{966AF277-FC9E-4606-92FD-C499AC9D5BA7}.Release|x86.Build.0 = Release|x86
		{966AF277-FC9E-4606-92FD-C499AC9D5BA7}.Release|x86.Deploy.0 = Release|x86
	EndGlobalSection
	GlobalSection(SolutionProperties) = preSolution
		HideSolutionNode = FALSE
	EndGlobalSection
	GlobalSection(ExtensibilityGlobals) = postSolution
		SolutionGuid = {67F3372B-C4AE-49E5-B42B-318BF04B726F}
	EndGlobalSection
EndGlobal
